
Microsoft Visual Studio Solution File, Format Version 12.00
# Visual Studio Version 17
VisualStudioVersion = 17.11.35431.28
MinimumVisualStudioVersion = 10.0.40219.1
Project("{9A19103F-16F7-4668-BE54-9A1E7A4F7556}") = "RegerBiblioteca.API", "RegerBiblioteca.API\RegerBiblioteca.API.csproj", "{5378F085-FE69-4BAD-AE89-830826795F5A}"
EndProject
Project("{9A19103F-16F7-4668-BE54-9A1E7A4F7556}") = "RegerBiblioteca.Core", "RegerBiblioteca.Core\RegerBiblioteca.Core.csproj", "{FB40525C-404D-4DAD-99AA-D36F79BAD642}"
EndProject
Project("{FAE04EC0-301F-11D3-BF4B-00C04F79EFBC}") = "RegerBiblioteca.Infra", "RegerBiblioteca.Infra\RegerBiblioteca.Infra.csproj", "{AAE877F8-5D63-4F45-8041-A3C799C7CCE7}"
EndProject
Project("{FAE04EC0-301F-11D3-BF4B-00C04F79EFBC}") = "RegerBiblioteca.App", "RegerBiblioteca.App\RegerBiblioteca.App.csproj", "{A3A96472-1305-4A55-9675-F8DC13E2B4FA}"
EndProject
Global
	GlobalSection(SolutionConfigurationPlatforms) = preSolution
		Debug|Any CPU = Debug|Any CPU
		Release|Any CPU = Release|Any CPU
	EndGlobalSection
	GlobalSection(ProjectConfigurationPlatforms) = postSolution
		{5378F085-FE69-4BAD-AE89-830826795F5A}.Debug|Any CPU.ActiveCfg = Debug|Any CPU
		{5378F085-FE69-4BAD-AE89-830826795F5A}.Debug|Any CPU.Build.0 = Debug|Any CPU
		{5378F085-FE69-4BAD-AE89-830826795F5A}.Release|Any CPU.ActiveCfg = Release|Any CPU
		{5378F085-FE69-4BAD-AE89-830826795F5A}.Release|Any CPU.Build.0 = Release|Any CPU
		{FB40525C-404D-4DAD-99AA-D36F79BAD642}.Debug|Any CPU.ActiveCfg = Debug|Any CPU
		{FB40525C-404D-4DAD-99AA-D36F79BAD642}.Debug|Any CPU.Build.0 = Debug|Any CPU
		{FB40525C-404D-4DAD-99AA-D36F79BAD642}.Release|Any CPU.ActiveCfg = Release|Any CPU
		{FB40525C-404D-4DAD-99AA-D36F79BAD642}.Release|Any CPU.Build.0 = Release|Any CPU
		{AAE877F8-5D63-4F45-8041-A3C799C7CCE7}.Debug|Any CPU.ActiveCfg = Debug|Any CPU
		{AAE877F8-5D63-4F45-8041-A3C799C7CCE7}.Debug|Any CPU.Build.0 = Debug|Any CPU
		{AAE877F8-5D63-4F45-8041-A3C799C7CCE7}.Release|Any CPU.ActiveCfg = Release|Any CPU
		{AAE877F8-5D63-4F45-8041-A3C799C7CCE7}.Release|Any CPU.Build.0 = Release|Any CPU
		{A3A96472-1305-4A55-9675-F8DC13E2B4FA}.Debug|Any CPU.ActiveCfg = Debug|Any CPU
		{A3A96472-1305-4A55-9675-F8DC13E2B4FA}.Debug|Any CPU.Build.0 = Debug|Any CPU
		{A3A96472-1305-4A55-9675-F8DC13E2B4FA}.Release|Any CPU.ActiveCfg = Release|Any CPU
		{A3A96472-1305-4A55-9675-F8DC13E2B4FA}.Release|Any CPU.Build.0 = Release|Any CPU
	EndGlobalSection
	GlobalSection(SolutionProperties) = preSolution
		HideSolutionNode = FALSE
	EndGlobalSection
	GlobalSection(ExtensibilityGlobals) = postSolution
		SolutionGuid = {76BAF065-AFA6-42DC-BAD3-BB3FF0F3CEED}
	EndGlobalSection
EndGlobal
